
Microsoft Visual Studio Solution File, Format Version 12.00
# Visual Studio Version 16
VisualStudioVersion = 16.0.30225.117
MinimumVisualStudioVersion = 10.0.40219.1
Project("{FAE04EC0-301F-11D3-BF4B-00C04F79EFBC}") = "RequestHeaderAuthentication", "RequestHeaderAuthentication\RequestHeaderAuthentication.csproj", "{10FA9F79-3D21-4E9C-8F8D-98D8B21607B7}"
EndProject
Project("{2150E333-8FDC-42A3-9474-1A3956D46DE8}") = "Solution Items", "Solution Items", "{640097E6-5824-405B-8CA2-1930A1A3D35E}"
	ProjectSection(SolutionItems) = preProject
		README.md = README.md
	EndProjectSection
EndProject
Global
	GlobalSection(SolutionConfigurationPlatforms) = preSolution
		Debug|Any CPU = Debug|Any CPU
		Release|Any CPU = Release|Any CPU
	EndGlobalSection
	GlobalSection(ProjectConfigurationPlatforms) = postSolution
		{10FA9F79-3D21-4E9C-8F8D-98D8B21607B7}.Debug|Any CPU.ActiveCfg = Debug|Any CPU
		{10FA9F79-3D21-4E9C-8F8D-98D8B21607B7}.Debug|Any CPU.Build.0 = Debug|Any CPU
		{10FA9F79-3D21-4E9C-8F8D-98D8B21607B7}.Release|Any CPU.ActiveCfg = Release|Any CPU
		{10FA9F79-3D21-4E9C-8F8D-98D8B21607B7}.Release|Any CPU.Build.0 = Release|Any CPU
	EndGlobalSection
	GlobalSection(SolutionProperties) = preSolution
		HideSolutionNode = FALSE
	EndGlobalSection
	GlobalSection(ExtensibilityGlobals) = postSolution
		SolutionGuid = {B2D1A092-A100-48DC-9942-3C58C301AFBB}
	EndGlobalSection
EndGlobal
